// !$*UTF8*$!
{
	archiveVersion = 1;
	classes = {
	};
	objectVersion = 46;
	objects = {

/* Begin PBXBuildFile section */
		8B9A8A5C1B451AE60007247B /* AppDelegate.swift in Sources */ = {isa = PBXBuildFile; fileRef = 8B9A8A5B1B451AE60007247B /* AppDelegate.swift */; };
		8B9A8A5E1B451AE60007247B /* ViewController.swift in Sources */ = {isa = PBXBuildFile; fileRef = 8B9A8A5D1B451AE60007247B /* ViewController.swift */; };
		8B9A8A611B451AE60007247B /* Main.storyboard in Resources */ = {isa = PBXBuildFile; fileRef = 8B9A8A5F1B451AE60007247B /* Main.storyboard */; };
		8B9A8A631B451AE60007247B /* Images.xcassets in Resources */ = {isa = PBXBuildFile; fileRef = 8B9A8A621B451AE60007247B /* Images.xcassets */; };
		8B9A8A661B451AE60007247B /* LaunchScreen.xib in Resources */ = {isa = PBXBuildFile; fileRef = 8B9A8A641B451AE60007247B /* LaunchScreen.xib */; };
		8B9A8A721B451AE60007247B /* PhotoLibraryTests.swift in Sources */ = {isa = PBXBuildFile; fileRef = 8B9A8A711B451AE60007247B /* PhotoLibraryTests.swift */; };
		8B9A8A7C1B451C7B0007247B /* AssetsLibrary.framework in Frameworks */ = {isa = PBXBuildFile; fileRef = 8B9A8A7B1B451C7B0007247B /* AssetsLibrary.framework */; };
		8B9A8A7E1B45313A0007247B /* MutilViewController.swift in Sources */ = {isa = PBXBuildFile; fileRef = 8B9A8A7D1B45313A0007247B /* MutilViewController.swift */; };
/* End PBXBuildFile section */

/* Begin PBXContainerItemProxy section */
		8B9A8A6C1B451AE60007247B /* PBXContainerItemProxy */ = {
			isa = PBXContainerItemProxy;
			containerPortal = 8B9A8A4E1B451AE60007247B /* Project object */;
			proxyType = 1;
			remoteGlobalIDString = 8B9A8A551B451AE60007247B;
			remoteInfo = PhotoLibrary;
		};
/* End PBXContainerItemProxy section */

/* Begin PBXFileReference section */
		8B9A8A561B451AE60007247B /* PhotoLibrary.app */ = {isa = PBXFileReference; explicitFileType = wrapper.application; includeInIndex = 0; path = PhotoLibrary.app; sourceTree = BUILT_PRODUCTS_DIR; };
		8B9A8A5A1B451AE60007247B /* Info.plist */ = {isa = PBXFileReference; lastKnownFileType = text.plist.xml; path = Info.plist; sourceTree = "<group>"; };
		8B9A8A5B1B451AE60007247B /* AppDelegate.swift */ = {isa = PBXFileReference; lastKnownFileType = sourcecode.swift; path = AppDelegate.swift; sourceTree = "<group>"; };
		8B9A8A5D1B451AE60007247B /* ViewController.swift */ = {isa = PBXFileReference; lastKnownFileType = sourcecode.swift; path = ViewController.swift; sourceTree = "<group>"; };
		8B9A8A601B451AE60007247B /* Base */ = {isa = PBXFileReference; lastKnownFileType = file.storyboard; name = Base; path = Base.lproj/Main.storyboard; sourceTree = "<group>"; };
		8B9A8A621B451AE60007247B /* Images.xcassets */ = {isa = PBXFileReference; lastKnownFileType = folder.assetcatalog; path = Images.xcassets; sourceTree = "<group>"; };
		8B9A8A651B451AE60007247B /* Base */ = {isa = PBXFileReference; lastKnownFileType = file.xib; name = Base; path = Base.lproj/LaunchScreen.xib; sourceTree = "<group>"; };
		8B9A8A6B1B451AE60007247B /* PhotoLibraryTests.xctest */ = {isa = PBXFileReference; explicitFileType = wrapper.cfbundle; includeInIndex = 0; path = PhotoLibraryTests.xctest; sourceTree = BUILT_PRODUCTS_DIR; };
		8B9A8A701B451AE60007247B /* Info.plist */ = {isa = PBXFileReference; lastKnownFileType = text.plist.xml; path = Info.plist; sourceTree = "<group>"; };
		8B9A8A711B451AE60007247B /* PhotoLibraryTests.swift */ = {isa = PBXFileReference; lastKnownFileType = sourcecode.swift; path = PhotoLibraryTests.swift; sourceTree = "<group>"; };
		8B9A8A7B1B451C7B0007247B /* AssetsLibrary.framework */ = {isa = PBXFileReference; lastKnownFileType = wrapper.framework; name = AssetsLibrary.framework; path = System/Library/Frameworks/AssetsLibrary.framework; sourceTree = SDKROOT; };
		8B9A8A7D1B45313A0007247B /* MutilViewController.swift */ = {isa = PBXFileReference; fileEncoding = 4; lastKnownFileType = sourcecode.swift; path = MutilViewController.swift; sourceTree = "<group>"; };
/* End PBXFileReference section */

/* Begin PBXFrameworksBuildPhase section */
		8B9A8A531B451AE60007247B /* Frameworks */ = {
			isa = PBXFrameworksBuildPhase;
			buildActionMask = 2147483647;
			files = (
				8B9A8A7C1B451C7B0007247B /* AssetsLibrary.framework in Frameworks */,
			);
			runOnlyForDeploymentPostprocessing = 0;
		};
		8B9A8A681B451AE60007247B /* Frameworks */ = {
			isa = PBXFrameworksBuildPhase;
			buildActionMask = 2147483647;
			files = (
			);
			runOnlyForDeploymentPostprocessing = 0;
		};
/* End PBXFrameworksBuildPhase section */

/* Begin PBXGroup section */
		8B9A8A4D1B451AE60007247B = {
			isa = PBXGroup;
			children = (
				8B9A8A7B1B451C7B0007247B /* AssetsLibrary.framework */,
				8B9A8A581B451AE60007247B /* PhotoLibrary */,
				8B9A8A6E1B451AE60007247B /* PhotoLibraryTests */,
				8B9A8A571B451AE60007247B /* Products */,
			);
			sourceTree = "<group>";
		};
		8B9A8A571B451AE60007247B /* Products */ = {
			isa = PBXGroup;
			children = (
				8B9A8A561B451AE60007247B /* PhotoLibrary.app */,
				8B9A8A6B1B451AE60007247B /* PhotoLibraryTests.xctest */,
			);
			name = Products;
			sourceTree = "<group>";
		};
		8B9A8A581B451AE60007247B /* PhotoLibrary */ = {
			isa = PBXGroup;
			children = (
				8B9A8A5B1B451AE60007247B /* AppDelegate.swift */,
				8B9A8A5D1B451AE60007247B /* ViewController.swift */,
				8B9A8A7D1B45313A0007247B /* MutilViewController.swift */,
				8B9A8A5F1B451AE60007247B /* Main.storyboard */,
				8B9A8A621B451AE60007247B /* Images.xcassets */,
				8B9A8A641B451AE60007247B /* LaunchScreen.xib */,
				8B9A8A591B451AE60007247B /* Supporting Files */,
			);
			path = PhotoLibrary;
			sourceTree = "<group>";
		};
		8B9A8A591B451AE60007247B /* Supporting Files */ = {
			isa = PBXGroup;
			children = (
				8B9A8A5A1B451AE60007247B /* Info.plist */,
			);
			name = "Supporting Files";
			sourceTree = "<group>";
		};
		8B9A8A6E1B451AE60007247B /* PhotoLibraryTests */ = {
			isa = PBXGroup;
			children = (
				8B9A8A711B451AE60007247B /* PhotoLibraryTests.swift */,
				8B9A8A6F1B451AE60007247B /* Supporting Files */,
			);
			path = PhotoLibraryTests;
			sourceTree = "<group>";
		};
		8B9A8A6F1B451AE60007247B /* Supporting Files */ = {
			isa = PBXGroup;
			children = (
				8B9A8A701B451AE60007247B /* Info.plist */,
			);
			name = "Supporting Files";
			sourceTree = "<group>";
		};
/* End PBXGroup section */

/* Begin PBXNativeTarget section */
		8B9A8A551B451AE60007247B /* PhotoLibrary */ = {
			isa = PBXNativeTarget;
			buildConfigurationList = 8B9A8A751B451AE60007247B /* Build configuration list for PBXNativeTarget "PhotoLibrary" */;
			buildPhases = (
				8B9A8A521B451AE60007247B /* Sources */,
				8B9A8A531B451AE60007247B /* Frameworks */,
				8B9A8A541B451AE60007247B /* Resources */,
			);
			buildRules = (
			);
			dependencies = (
			);
			name = PhotoLibrary;
			productName = PhotoLibrary;
			productReference = 8B9A8A561B451AE60007247B /* PhotoLibrary.app */;
			productType = "com.apple.product-type.application";
		};
		8B9A8A6A1B451AE60007247B /* PhotoLibraryTests */ = {
			isa = PBXNativeTarget;
			buildConfigurationList = 8B9A8A781B451AE60007247B /* Build configuration list for PBXNativeTarget "PhotoLibraryTests" */;
			buildPhases = (
				8B9A8A671B451AE60007247B /* Sources */,
				8B9A8A681B451AE60007247B /* Frameworks */,
				8B9A8A691B451AE60007247B /* Resources */,
			);
			buildRules = (
			);
			dependencies = (
				8B9A8A6D1B451AE60007247B /* PBXTargetDependency */,
			);
			name = PhotoLibraryTests;
			productName = PhotoLibraryTests;
			productReference = 8B9A8A6B1B451AE60007247B /* PhotoLibraryTests.xctest */;
			productType = "com.apple.product-type.bundle.unit-test";
		};
/* End PBXNativeTarget section */

/* Begin PBXProject section */
		8B9A8A4E1B451AE60007247B /* Project object */ = {
			isa = PBXProject;
			attributes = {
				LastUpgradeCheck = 0640;
				ORGANIZATIONNAME = "海涛旅游";
				TargetAttributes = {
					8B9A8A551B451AE60007247B = {
						CreatedOnToolsVersion = 6.4;
					};
					8B9A8A6A1B451AE60007247B = {
						CreatedOnToolsVersion = 6.4;
						TestTargetID = 8B9A8A551B451AE60007247B;
					};
				};
			};
			buildConfigurationList = 8B9A8A511B451AE60007247B /* Build configuration list for PBXProject "PhotoLibrary" */;
			compatibilityVersion = "Xcode 3.2";
			developmentRegion = English;
			hasScannedForEncodings = 0;
			knownRegions = (
				en,
				Base,
			);
			mainGroup = 8B9A8A4D1B451AE60007247B;
			productRefGroup = 8B9A8A571B451AE60007247B /* Products */;
			projectDirPath = "";
			projectRoot = "";
			targets = (
				8B9A8A551B451AE60007247B /* PhotoLibrary */,
				8B9A8A6A1B451AE60007247B /* PhotoLibraryTests */,
			);
		};
/* End PBXProject section */

/* Begin PBXResourcesBuildPhase section */
		8B9A8A541B451AE60007247B /* Resources */ = {
			isa = PBXResourcesBuildPhase;
			buildActionMask = 2147483647;
			files = (
				8B9A8A611B451AE60007247B /* Main.storyboard in Resources */,
				8B9A8A661B451AE60007247B /* LaunchScreen.xib in Resources */,
				8B9A8A631B451AE60007247B /* Images.xcassets in Resources */,
			);
			runOnlyForDeploymentPostprocessing = 0;
		};
		8B9A8A691B451AE60007247B /* Resources */ = {
			isa = PBXResourcesBuildPhase;
			buildActionMask = 2147483647;
			files = (
			);
			runOnlyForDeploymentPostprocessing = 0;
		};
/* End PBXResourcesBuildPhase section */

/* Begin PBXSourcesBuildPhase section */
		8B9A8A521B451AE60007247B /* Sources */ = {
			isa = PBXSourcesBuildPhase;
			buildActionMask = 2147483647;
			files = (
				8B9A8A5E1B451AE60007247B /* ViewController.swift in Sources */,
				8B9A8A7E1B45313A0007247B /* MutilViewController.swift in Sources */,
				8B9A8A5C1B451AE60007247B /* AppDelegate.swift in Sources */,
			);
			runOnlyForDeploymentPostprocessing = 0;
		};
		8B9A8A671B451AE60007247B /* Sources */ = {
			isa = PBXSourcesBuildPhase;
			buildActionMask = 2147483647;
			files = (
				8B9A8A721B451AE60007247B /* PhotoLibraryTests.swift in Sources */,
			);
			runOnlyForDeploymentPostprocessing = 0;
		};
/* End PBXSourcesBuildPhase section */

/* Begin PBXTargetDependency section */
		8B9A8A6D1B451AE60007247B /* PBXTargetDependency */ = {
			isa = PBXTargetDependency;
			target = 8B9A8A551B451AE60007247B /* PhotoLibrary */;
			targetProxy = 8B9A8A6C1B451AE60007247B /* PBXContainerItemProxy */;
		};
/* End PBXTargetDependency section */

/* Begin PBXVariantGroup section */
		8B9A8A5F1B451AE60007247B /* Main.storyboard */ = {
			isa = PBXVariantGroup;
			children = (
				8B9A8A601B451AE60007247B /* Base */,
			);
			name = Main.storyboard;
			sourceTree = "<group>";
		};
		8B9A8A641B451AE60007247B /* LaunchScreen.xib */ = {
			isa = PBXVariantGroup;
			children = (
				8B9A8A651B451AE60007247B /* Base */,
			);
			name = LaunchScreen.xib;
			sourceTree = "<group>";
		};
/* End PBXVariantGroup section */

/* Begin XCBuildConfiguration section */
		8B9A8A731B451AE60007247B /* Debug */ = {
			isa = XCBuildConfiguration;
			buildSettings = {
				ALWAYS_SEARCH_USER_PATHS = NO;
				CLANG_CXX_LANGUAGE_STANDARD = "gnu++0x";
				CLANG_CXX_LIBRARY = "libc++";
				CLANG_ENABLE_MODULES = YES;
				CLANG_ENABLE_OBJC_ARC = YES;
				CLANG_WARN_BOOL_CONVERSION = YES;
				CLANG_WARN_CONSTANT_CONVERSION = YES;
				CLANG_WARN_DIRECT_OBJC_ISA_USAGE = YES_ERROR;
				CLANG_WARN_EMPTY_BODY = YES;
				CLANG_WARN_ENUM_CONVERSION = YES;
				CLANG_WARN_INT_CONVERSION = YES;
				CLANG_WARN_OBJC_ROOT_CLASS = YES_ERROR;
				CLANG_WARN_UNREACHABLE_CODE = YES;
				CLANG_WARN__DUPLICATE_METHOD_MATCH = YES;
				"CODE_SIGN_IDENTITY[sdk=iphoneos*]" = "iPhone Developer";
				COPY_PHASE_STRIP = NO;
				DEBUG_INFORMATION_FORMAT = "dwarf-with-dsym";
				ENABLE_STRICT_OBJC_MSGSEND = YES;
				GCC_C_LANGUAGE_STANDARD = gnu99;
				GCC_DYNAMIC_NO_PIC = NO;
				GCC_NO_COMMON_BLOCKS = YES;
				GCC_OPTIMIZATION_LEVEL = 0;
				GCC_PREPROCESSOR_DEFINITIONS = (
					"DEBUG=1",
					"$(inherited)",
				);
				GCC_SYMBOLS_PRIVATE_EXTERN = NO;
				GCC_WARN_64_TO_32_BIT_CONVERSION = YES;
				GCC_WARN_ABOUT_RETURN_TYPE = YES_ERROR;
				GCC_WARN_UNDECLARED_SELECTOR = YES;
				GCC_WARN_UNINITIALIZED_AUTOS = YES_AGGRESSIVE;
				GCC_WARN_UNUSED_FUNCTION = YES;
				GCC_WARN_UNUSED_VARIABLE = YES;
				IPHONEOS_DEPLOYMENT_TARGET = 8.4;
				MTL_ENABLE_DEBUG_INFO = YES;
				ONLY_ACTIVE_ARCH = YES;
				SDKROOT = iphoneos;
				SWIFT_OPTIMIZATION_LEVEL = "-Onone";
				TARGETED_DEVICE_FAMILY = "1,2";
			};
			name = Debug;
		};
		8B9A8A741B451AE60007247B /* Release */ = {
			isa = XCBuildConfiguration;
			buildSettings = {
				ALWAYS_SEARCH_USER_PATHS = NO;
				CLANG_CXX_LANGUAGE_STANDARD = "gnu++0x";
				CLANG_CXX_LIBRARY = "libc++";
				CLANG_ENABLE_MODULES = YES;
				CLANG_ENABLE_OBJC_ARC = YES;
				CLANG_WARN_BOOL_CONVERSION = YES;
				CLANG_WARN_CONSTANT_CONVERSION = YES;
				CLANG_WARN_DIRECT_OBJC_ISA_USAGE = YES_ERROR;
				CLANG_WARN_EMPTY_BODY = YES;
				CLANG_WARN_ENUM_CONVERSION = YES;
				CLANG_WARN_INT_CONVERSION = YES;
				CLANG_WARN_OBJC_ROOT_CLASS = YES_ERROR;
				CLANG_WARN_UNREACHABLE_CODE = YES;
				CLANG_WARN__DUPLICATE_METHOD_MATCH = YES;
				"CODE_SIGN_IDENTITY[sdk=iphoneos*]" = "iPhone Developer";
				COPY_PHASE_STRIP = NO;
				DEBUG_INFORMATION_FORMAT = "dwarf-with-dsym";
				ENABLE_NS_ASSERTIONS = NO;
				ENABLE_STRICT_OBJC_MSGSEND = YES;
				GCC_C_LANGUAGE_STANDARD = gnu99;
				GCC_NO_COMMON_BLOCKS = YES;
				GCC_WARN_64_TO_32_BIT_CONVERSION = YES;
				GCC_WARN_ABOUT_RETURN_TYPE = YES_ERROR;
				GCC_WARN_UNDECLARED_SELECTOR = YES;
				GCC_WARN_UNINITIALIZED_AUTOS = YES_AGGRESSIVE;
				GCC_WARN_UNUSED_FUNCTION = YES;
				GCC_WARN_UNUSED_VARIABLE = YES;
				IPHONEOS_DEPLOYMENT_TARGET = 8.4;
				MTL_ENABLE_DEBUG_INFO = NO;
				SDKROOT = iphoneos;
				TARGETED_DEVICE_FAMILY = "1,2";
				VALIDATE_PRODUCT = YES;
			};
			name = Release;
		};
		8B9A8A761B451AE60007247B /* Debug */ = {
			isa = XCBuildConfiguration;
			buildSettings = {
				ASSETCATALOG_COMPILER_APPICON_NAME = AppIcon;
				INFOPLIST_FILE = PhotoLibrary/Info.plist;
				IPHONEOS_DEPLOYMENT_TARGET = 7.0;
				LD_RUNPATH_SEARCH_PATHS = "$(inherited) @executable_path/Frameworks";
				PRODUCT_NAME = "$(TARGET_NAME)";
			};
			name = Debug;
		};
		8B9A8A771B451AE60007247B /* Release */ = {
			isa = XCBuildConfiguration;
			buildSettings = {
				ASSETCATALOG_COMPILER_APPICON_NAME = AppIcon;
				INFOPLIST_FILE = PhotoLibrary/Info.plist;
				IPHONEOS_DEPLOYMENT_TARGET = 7.0;
				LD_RUNPATH_SEARCH_PATHS = "$(inherited) @executable_path/Frameworks";
				PRODUCT_NAME = "$(TARGET_NAME)";
			};
			name = Release;
		};
		8B9A8A791B451AE60007247B /* Debug */ = {
			isa = XCBuildConfiguration;
			buildSettings = {
				BUNDLE_LOADER = "$(TEST_HOST)";
				FRAMEWORK_SEARCH_PATHS = (
					"$(SDKROOT)/Developer/Library/Frameworks",
					"$(inherited)",
				);
				GCC_PREPROCESSOR_DEFINITIONS = (
					"DEBUG=1",
					"$(inherited)",
				);
				INFOPLIST_FILE = PhotoLibraryTests/Info.plist;
				LD_RUNPATH_SEARCH_PATHS = "$(inherited) @executable_path/Frameworks @loader_path/Frameworks";
				PRODUCT_NAME = "$(TARGET_NAME)";
				TEST_HOST = "$(BUILT_PRODUCTS_DIR)/PhotoLibrary.app/PhotoLibrary";
			};
			name = Debug;
		};
		8B9A8A7A1B451AE60007247B /* Release */ = {
			isa = XCBuildConfiguration;
			buildSettings = {
				BUNDLE_LOADER = "$(TEST_HOST)";
				FRAMEWORK_SEARCH_PATHS = (
					"$(SDKROOT)/Developer/Library/Frameworks",
					"$(inherited)",
				);
				INFOPLIST_FILE = PhotoLibraryTests/Info.plist;
				LD_RUNPATH_SEARCH_PATHS = "$(inherited) @executable_path/Frameworks @loader_path/Frameworks";
				PRODUCT_NAME = "$(TARGET_NAME)";
				TEST_HOST = "$(BUILT_PRODUCTS_DIR)/PhotoLibrary.app/PhotoLibrary";
			};
			name = Release;
		};
/* End XCBuildConfiguration section */

/* Begin XCConfigurationList section */
		8B9A8A511B451AE60007247B /* Build configuration list for PBXProject "PhotoLibrary" */ = {
			isa = XCConfigurationList;
			buildConfigurations = (
				8B9A8A731B451AE60007247B /* Debug */,
				8B9A8A741B451AE60007247B /* Release */,
			);
			defaultConfigurationIsVisible = 0;
			defaultConfigurationName = Release;
		};
		8B9A8A751B451AE60007247B /* Build configuration list for PBXNativeTarget "PhotoLibrary" */ = {
			isa = XCConfigurationList;
			buildConfigurations = (
				8B9A8A761B451AE60007247B /* Debug */,
				8B9A8A771B451AE60007247B /* Release */,
			);
			defaultConfigurationIsVisible = 0;
		};
		8B9A8A781B451AE60007247B /* Build configuration list for PBXNativeTarget "PhotoLibraryTests" */ = {
			isa = XCConfigurationList;
			buildConfigurations = (
				8B9A8A791B451AE60007247B /* Debug */,
				8B9A8A7A1B451AE60007247B /* Release */,
			);
			defaultConfigurationIsVisible = 0;
		};
/* End XCConfigurationList section */
	};
	rootObject = 8B9A8A4E1B451AE60007247B /* Project object */;
}
